
Microsoft Visual Studio Solution File, Format Version 12.00
# Visual Studio Version 17
VisualStudioVersion = 17.14.37710.0 d17.14
MinimumVisualStudioVersion = 10.0.40219.1
Project("{FAE04EC0-301F-11D3-BF4B-00C04F79EFBC}") = "Food Assigment", "Food Assigment\Food Assigment.csproj", "{08596589-EF94-4183-899F-7E48BDCCE03A}"
EndProject
Global
	GlobalSection(SolutionConfigurationPlatforms) = preSolution
		Debug|Any CPU = Debug|Any CPU
		Release|Any CPU = Release|Any CPU
	EndGlobalSection
	GlobalSection(ProjectConfigurationPlatforms) = postSolution
		{08596589-EF94-4183-899F-7E48BDCCE03A}.Debug|Any CPU.ActiveCfg = Debug|Any CPU
		{08596589-EF94-4183-899F-7E48BDCCE03A}.Debug|Any CPU.Build.0 = Debug|Any CPU
		{08596589-EF94-4183-899F-7E48BDCCE03A}.Release|Any CPU.ActiveCfg = Release|Any CPU
		{08596589-EF94-4183-899F-7E48BDCCE03A}.Release|Any CPU.Build.0 = Release|Any CPU
	EndGlobalSection
	GlobalSection(SolutionProperties) = preSolution
		HideSolutionNode = FALSE
	EndGlobalSection
	GlobalSection(ExtensibilityGlobals) = postSolution
		SolutionGuid = {006B0F6C-0AAA-4CCF-9CE4-1277B0FAB402}
	EndGlobalSection
EndGlobal
